
Microsoft Visual Studio Solution File, Format Version 12.00
# Visual Studio 15
VisualStudioVersion = 15.0.27130.2010
MinimumVisualStudioVersion = 10.0.40219.1
Project("{FAE04EC0-301F-11D3-BF4B-00C04F79EFBC}") = "BirthdayApp", "BirthdayApp\BirthdayApp.csproj", "{FD5D8E38-58E6-4B02-A419-04C2D704B942}"
EndProject
Project("{FAE04EC0-301F-11D3-BF4B-00C04F79EFBC}") = "JQueryApp", "JQueryApp\JQueryApp.csproj", "{5AA1E323-E566-4F99-B217-FBFA4388AFA3}"
EndProject
Global
	GlobalSection(SolutionConfigurationPlatforms) = preSolution
		Debug|Any CPU = Debug|Any CPU
		Release|Any CPU = Release|Any CPU
	EndGlobalSection
	GlobalSection(ProjectConfigurationPlatforms) = postSolution
		{FD5D8E38-58E6-4B02-A419-04C2D704B942}.Debug|Any CPU.ActiveCfg = Debug|Any CPU
		{FD5D8E38-58E6-4B02-A419-04C2D704B942}.Debug|Any CPU.Build.0 = Debug|Any CPU
		{FD5D8E38-58E6-4B02-A419-04C2D704B942}.Release|Any CPU.ActiveCfg = Release|Any CPU
		{FD5D8E38-58E6-4B02-A419-04C2D704B942}.Release|Any CPU.Build.0 = Release|Any CPU
		{5AA1E323-E566-4F99-B217-FBFA4388AFA3}.Debug|Any CPU.ActiveCfg = Debug|Any CPU
		{5AA1E323-E566-4F99-B217-FBFA4388AFA3}.Debug|Any CPU.Build.0 = Debug|Any CPU
		{5AA1E323-E566-4F99-B217-FBFA4388AFA3}.Release|Any CPU.ActiveCfg = Release|Any CPU
		{5AA1E323-E566-4F99-B217-FBFA4388AFA3}.Release|Any CPU.Build.0 = Release|Any CPU
	EndGlobalSection
	GlobalSection(SolutionProperties) = preSolution
		HideSolutionNode = FALSE
	EndGlobalSection
	GlobalSection(ExtensibilityGlobals) = postSolution
		SolutionGuid = {DEBB4592-1AD4-42D0-A27A-65513B9B7FD7}
	EndGlobalSection
EndGlobal
